
Microsoft Visual Studio Solution File, Format Version 12.00
# Visual Studio Version 17
VisualStudioVersion = 17.4.33205.214
MinimumVisualStudioVersion = 10.0.40219.1
Project("{9A19103F-16F7-4668-BE54-9A1E7A4F7556}") = "AreaBox-V0.1", "AreaBox-V0.1\AreaBox-V0.1.csproj", "{9D8FEE9A-630C-4C30-B2B3-41E737EED72A}"
EndProject
Project("{FAE04EC0-301F-11D3-BF4B-00C04F79EFBC}") = "AreaBox-V0.1.Test", "AreaBox-V0.1.Test\AreaBox-V0.1.Test.csproj", "{79B010D0-4691-4B88-99F3-EF935FB629D5}"
EndProject
Global
	GlobalSection(SolutionConfigurationPlatforms) = preSolution
		Debug|Any CPU = Debug|Any CPU
		Release|Any CPU = Release|Any CPU
	EndGlobalSection
	GlobalSection(ProjectConfigurationPlatforms) = postSolution
		{9D8FEE9A-630C-4C30-B2B3-41E737EED72A}.Debug|Any CPU.ActiveCfg = Debug|Any CPU
		{9D8FEE9A-630C-4C30-B2B3-41E737EED72A}.Debug|Any CPU.Build.0 = Debug|Any CPU
		{9D8FEE9A-630C-4C30-B2B3-41E737EED72A}.Release|Any CPU.ActiveCfg = Release|Any CPU
		{9D8FEE9A-630C-4C30-B2B3-41E737EED72A}.Release|Any CPU.Build.0 = Release|Any CPU
		{79B010D0-4691-4B88-99F3-EF935FB629D5}.Debug|Any CPU.ActiveCfg = Debug|Any CPU
		{79B010D0-4691-4B88-99F3-EF935FB629D5}.Debug|Any CPU.Build.0 = Debug|Any CPU
		{79B010D0-4691-4B88-99F3-EF935FB629D5}.Release|Any CPU.ActiveCfg = Release|Any CPU
		{79B010D0-4691-4B88-99F3-EF935FB629D5}.Release|Any CPU.Build.0 = Release|Any CPU
	EndGlobalSection
	GlobalSection(SolutionProperties) = preSolution
		HideSolutionNode = FALSE
	EndGlobalSection
	GlobalSection(ExtensibilityGlobals) = postSolution
		SolutionGuid = {023F5133-9C8A-46A6-824A-04532A2AF8F9}
	EndGlobalSection
EndGlobal
